
Microsoft Visual Studio Solution File, Format Version 12.00
# Visual Studio Version 17
VisualStudioVersion = 17.14.36414.22 d17.14
MinimumVisualStudioVersion = 10.0.40219.1
Project("{FAE04EC0-301F-11D3-BF4B-00C04F79EFBC}") = "TripleG3.Camera.Maui", "TripleG3.Camera.Maui.csproj", "{C85B8E07-84AB-42F1-3A0E-CC46C180314B}"
EndProject
Project("{FAE04EC0-301F-11D3-BF4B-00C04F79EFBC}") = "TripleG3.Camera.Maui.ManualTestApp", "..\TripleG3.Camera.Maui.ManualTestApp\TripleG3.Camera.Maui.ManualTestApp.csproj", "{B285A684-938E-4B36-8E22-BE8AE29BA96F}"
EndProject
Global
	GlobalSection(SolutionConfigurationPlatforms) = preSolution
		Debug|Any CPU = Debug|Any CPU
		Release|Any CPU = Release|Any CPU
	EndGlobalSection
	GlobalSection(ProjectConfigurationPlatforms) = postSolution
		{C85B8E07-84AB-42F1-3A0E-CC46C180314B}.Debug|Any CPU.ActiveCfg = Debug|Any CPU
		{C85B8E07-84AB-42F1-3A0E-CC46C180314B}.Debug|Any CPU.Build.0 = Debug|Any CPU
		{C85B8E07-84AB-42F1-3A0E-CC46C180314B}.Release|Any CPU.ActiveCfg = Release|Any CPU
		{C85B8E07-84AB-42F1-3A0E-CC46C180314B}.Release|Any CPU.Build.0 = Release|Any CPU
		{B285A684-938E-4B36-8E22-BE8AE29BA96F}.Debug|Any CPU.ActiveCfg = Debug|Any CPU
		{B285A684-938E-4B36-8E22-BE8AE29BA96F}.Debug|Any CPU.Build.0 = Debug|Any CPU
		{B285A684-938E-4B36-8E22-BE8AE29BA96F}.Release|Any CPU.ActiveCfg = Release|Any CPU
		{B285A684-938E-4B36-8E22-BE8AE29BA96F}.Release|Any CPU.Build.0 = Release|Any CPU
	EndGlobalSection
	GlobalSection(SolutionProperties) = preSolution
		HideSolutionNode = FALSE
	EndGlobalSection
	GlobalSection(ExtensibilityGlobals) = postSolution
		SolutionGuid = {746D8921-52A9-4A72-A87A-BCEE50FAE0A6}
	EndGlobalSection
EndGlobal
